
Microsoft Visual Studio Solution File, Format Version 12.00
# Visual Studio 14
VisualStudioVersion = 14.0.25420.1
MinimumVisualStudioVersion = 10.0.40219.1
Project("{2150E333-8FDC-42A3-9474-1A3956D46DE8}") = "program", "program", "{3271FA79-1653-4ED7-B060-D695A4610ADC}"
EndProject
Project("{8BC9CEB8-8B4A-11D0-8D11-00A0C91BC942}") = "SWFFmpeg", "SWFFmpeg\SWFFmpeg.vcxproj", "{EDE58EF3-A379-45C1-8CF6-A90CFA3DD8B2}"
EndProject
Project("{8BC9CEB8-8B4A-11D0-8D11-00A0C91BC942}") = "HWFFmpeg", "HWFFmpeg\HWFFmpeg.vcxproj", "{911E0306-96DC-47A7-8C57-3E758B613178}"
EndProject
Project("{8BC9CEB8-8B4A-11D0-8D11-00A0C91BC942}") = "libffmpegDec", "libffmpegDec\libffmpegDec.vcxproj", "{3479BCE7-D605-4A94-81A0-0B5F75846BB7}"
EndProject
Project("{8BC9CEB8-8B4A-11D0-8D11-00A0C91BC942}") = "SWDecFFmpeg", "SWDecFFmpeg\SWDecFFmpeg.vcxproj", "{270E55B1-852D-47D1-A4EC-6A7AEDB283C0}"
EndProject
Project("{8BC9CEB8-8B4A-11D0-8D11-00A0C91BC942}") = "libFFmpegSdk", "libFFmpegSdk\libFFmpegSdk.vcxproj", "{4BC3F5A0-C313-40CE-9250-236A6605A5AD}"
EndProject
Global
	GlobalSection(SolutionConfigurationPlatforms) = preSolution
		Debug|Win32 = Debug|Win32
		Debug|x64 = Debug|x64
		Debug|x86 = Debug|x86
		Release|Win32 = Release|Win32
		Release|x64 = Release|x64
		Release|x86 = Release|x86
	EndGlobalSection
	GlobalSection(ProjectConfigurationPlatforms) = postSolution
		{EDE58EF3-A379-45C1-8CF6-A90CFA3DD8B2}.Debug|Win32.ActiveCfg = Debug|Win32
		{EDE58EF3-A379-45C1-8CF6-A90CFA3DD8B2}.Debug|Win32.Build.0 = Debug|Win32
		{EDE58EF3-A379-45C1-8CF6-A90CFA3DD8B2}.Debug|x64.ActiveCfg = Debug|x64
		{EDE58EF3-A379-45C1-8CF6-A90CFA3DD8B2}.Debug|x64.Build.0 = Debug|x64
		{EDE58EF3-A379-45C1-8CF6-A90CFA3DD8B2}.Debug|x86.ActiveCfg = Debug|Win32
		{EDE58EF3-A379-45C1-8CF6-A90CFA3DD8B2}.Debug|x86.Build.0 = Debug|Win32
		{EDE58EF3-A379-45C1-8CF6-A90CFA3DD8B2}.Release|Win32.ActiveCfg = Release|Win32
		{EDE58EF3-A379-45C1-8CF6-A90CFA3DD8B2}.Release|Win32.Build.0 = Release|Win32
		{EDE58EF3-A379-45C1-8CF6-A90CFA3DD8B2}.Release|x64.ActiveCfg = Release|x64
		{EDE58EF3-A379-45C1-8CF6-A90CFA3DD8B2}.Release|x64.Build.0 = Release|x64
		{EDE58EF3-A379-45C1-8CF6-A90CFA3DD8B2}.Release|x86.ActiveCfg = Release|Win32
		{EDE58EF3-A379-45C1-8CF6-A90CFA3DD8B2}.Release|x86.Build.0 = Release|Win32
		{911E0306-96DC-47A7-8C57-3E758B613178}.Debug|Win32.ActiveCfg = Debug|Win32
		{911E0306-96DC-47A7-8C57-3E758B613178}.Debug|Win32.Build.0 = Debug|Win32
		{911E0306-96DC-47A7-8C57-3E758B613178}.Debug|x64.ActiveCfg = Debug|x64
		{911E0306-96DC-47A7-8C57-3E758B613178}.Debug|x64.Build.0 = Debug|x64
		{911E0306-96DC-47A7-8C57-3E758B613178}.Debug|x86.ActiveCfg = Debug|Win32
		{911E0306-96DC-47A7-8C57-3E758B613178}.Debug|x86.Build.0 = Debug|Win32
		{911E0306-96DC-47A7-8C57-3E758B613178}.Release|Win32.ActiveCfg = Release|Win32
		{911E0306-96DC-47A7-8C57-3E758B613178}.Release|Win32.Build.0 = Release|Win32
		{911E0306-96DC-47A7-8C57-3E758B613178}.Release|x64.ActiveCfg = Release|x64
		{911E0306-96DC-47A7-8C57-3E758B613178}.Release|x64.Build.0 = Release|x64
		{911E0306-96DC-47A7-8C57-3E758B613178}.Release|x86.ActiveCfg = Release|Win32
		{911E0306-96DC-47A7-8C57-3E758B613178}.Release|x86.Build.0 = Release|Win32
		{3479BCE7-D605-4A94-81A0-0B5F75846BB7}.Debug|Win32.ActiveCfg = Debug|Win32
		{3479BCE7-D605-4A94-81A0-0B5F75846BB7}.Debug|Win32.Build.0 = Debug|Win32
		{3479BCE7-D605-4A94-81A0-0B5F75846BB7}.Debug|x64.ActiveCfg = Debug|x64
		{3479BCE7-D605-4A94-81A0-0B5F75846BB7}.Debug|x64.Build.0 = Debug|x64
		{3479BCE7-D605-4A94-81A0-0B5F75846BB7}.Debug|x86.ActiveCfg = Debug|Win32
		{3479BCE7-D605-4A94-81A0-0B5F75846BB7}.Debug|x86.Build.0 = Debug|Win32
		{3479BCE7-D605-4A94-81A0-0B5F75846BB7}.Release|Win32.ActiveCfg = Release|Win32
		{3479BCE7-D605-4A94-81A0-0B5F75846BB7}.Release|Win32.Build.0 = Release|Win32
		{3479BCE7-D605-4A94-81A0-0B5F75846BB7}.Release|x64.ActiveCfg = Release|x64
		{3479BCE7-D605-4A94-81A0-0B5F75846BB7}.Release|x64.Build.0 = Release|x64
		{3479BCE7-D605-4A94-81A0-0B5F75846BB7}.Release|x86.ActiveCfg = Release|Win32
		{3479BCE7-D605-4A94-81A0-0B5F75846BB7}.Release|x86.Build.0 = Release|Win32
		{270E55B1-852D-47D1-A4EC-6A7AEDB283C0}.Debug|Win32.ActiveCfg = Debug|Win32
		{270E55B1-852D-47D1-A4EC-6A7AEDB283C0}.Debug|Win32.Build.0 = Debug|Win32
		{270E55B1-852D-47D1-A4EC-6A7AEDB283C0}.Debug|x64.ActiveCfg = Debug|x64
		{270E55B1-852D-47D1-A4EC-6A7AEDB283C0}.Debug|x64.Build.0 = Debug|x64
		{270E55B1-852D-47D1-A4EC-6A7AEDB283C0}.Debug|x86.ActiveCfg = Debug|Win32
		{270E55B1-852D-47D1-A4EC-6A7AEDB283C0}.Debug|x86.Build.0 = Debug|Win32
		{270E55B1-852D-47D1-A4EC-6A7AEDB283C0}.Release|Win32.ActiveCfg = Release|Win32
		{270E55B1-852D-47D1-A4EC-6A7AEDB283C0}.Release|Win32.Build.0 = Release|Win32
		{270E55B1-852D-47D1-A4EC-6A7AEDB283C0}.Release|x64.ActiveCfg = Release|x64
		{270E55B1-852D-47D1-A4EC-6A7AEDB283C0}.Release|x64.Build.0 = Release|x64
		{270E55B1-852D-47D1-A4EC-6A7AEDB283C0}.Release|x86.ActiveCfg = Release|Win32
		{270E55B1-852D-47D1-A4EC-6A7AEDB283C0}.Release|x86.Build.0 = Release|Win32
		{4BC3F5A0-C313-40CE-9250-236A6605A5AD}.Debug|Win32.ActiveCfg = Debug|Win32
		{4BC3F5A0-C313-40CE-9250-236A6605A5AD}.Debug|Win32.Build.0 = Debug|Win32
		{4BC3F5A0-C313-40CE-9250-236A6605A5AD}.Debug|x64.ActiveCfg = Debug|x64
		{4BC3F5A0-C313-40CE-9250-236A6605A5AD}.Debug|x64.Build.0 = Debug|x64
		{4BC3F5A0-C313-40CE-9250-236A6605A5AD}.Debug|x86.ActiveCfg = Debug|Win32
		{4BC3F5A0-C313-40CE-9250-236A6605A5AD}.Debug|x86.Build.0 = Debug|Win32
		{4BC3F5A0-C313-40CE-9250-236A6605A5AD}.Release|Win32.ActiveCfg = Release|Win32
		{4BC3F5A0-C313-40CE-9250-236A6605A5AD}.Release|Win32.Build.0 = Release|Win32
		{4BC3F5A0-C313-40CE-9250-236A6605A5AD}.Release|x64.ActiveCfg = Release|x64
		{4BC3F5A0-C313-40CE-9250-236A6605A5AD}.Release|x64.Build.0 = Release|x64
		{4BC3F5A0-C313-40CE-9250-236A6605A5AD}.Release|x86.ActiveCfg = Release|Win32
		{4BC3F5A0-C313-40CE-9250-236A6605A5AD}.Release|x86.Build.0 = Release|Win32
	EndGlobalSection
	GlobalSection(SolutionProperties) = preSolution
		HideSolutionNode = FALSE
	EndGlobalSection
	GlobalSection(NestedProjects) = preSolution
		{EDE58EF3-A379-45C1-8CF6-A90CFA3DD8B2} = {3271FA79-1653-4ED7-B060-D695A4610ADC}
		{911E0306-96DC-47A7-8C57-3E758B613178} = {3271FA79-1653-4ED7-B060-D695A4610ADC}
		{270E55B1-852D-47D1-A4EC-6A7AEDB283C0} = {3271FA79-1653-4ED7-B060-D695A4610ADC}
	EndGlobalSection
EndGlobal
